
Microsoft Visual Studio Solution File, Format Version 12.00
# Visual Studio Version 16
VisualStudioVersion = 16.0.29920.165
MinimumVisualStudioVersion = 10.0.40219.1
Project("{FAE04EC0-301F-11D3-BF4B-00C04F79EFBC}") = "RandomDrawingApp", "RandomDrawingApp\RandomDrawingApp.csproj", "{71A59659-E980-47A6-B445-37301BFF1357}"
EndProject
Global
	GlobalSection(SolutionConfigurationPlatforms) = preSolution
		Debug|Any CPU = Debug|Any CPU
		Release|Any CPU = Release|Any CPU
	EndGlobalSection
	GlobalSection(ProjectConfigurationPlatforms) = postSolution
		{71A59659-E980-47A6-B445-37301BFF1357}.Debug|Any CPU.ActiveCfg = Debug|Any CPU
		{71A59659-E980-47A6-B445-37301BFF1357}.Debug|Any CPU.Build.0 = Debug|Any CPU
		{71A59659-E980-47A6-B445-37301BFF1357}.Release|Any CPU.ActiveCfg = Release|Any CPU
		{71A59659-E980-47A6-B445-37301BFF1357}.Release|Any CPU.Build.0 = Release|Any CPU
	EndGlobalSection
	GlobalSection(SolutionProperties) = preSolution
		HideSolutionNode = FALSE
	EndGlobalSection
	GlobalSection(ExtensibilityGlobals) = postSolution
		SolutionGuid = {5D92EFB2-5319-4B60-A2B2-1FD08E8E8BC0}
	EndGlobalSection
EndGlobal
